
Microsoft Visual Studio Solution File, Format Version 12.00
# Visual Studio Version 17
VisualStudioVersion = 17.5.33414.496
MinimumVisualStudioVersion = 10.0.40219.1
Project("{9A19103F-16F7-4668-BE54-9A1E7A4F7556}") = "API Alunos", "API Alunos\API Alunos.csproj", "{22DAE2D6-C959-4258-99D4-5318276F283A}"
EndProject
Global
	GlobalSection(SolutionConfigurationPlatforms) = preSolution
		Debug|Any CPU = Debug|Any CPU
		Release|Any CPU = Release|Any CPU
	EndGlobalSection
	GlobalSection(ProjectConfigurationPlatforms) = postSolution
		{22DAE2D6-C959-4258-99D4-5318276F283A}.Debug|Any CPU.ActiveCfg = Debug|Any CPU
		{22DAE2D6-C959-4258-99D4-5318276F283A}.Debug|Any CPU.Build.0 = Debug|Any CPU
		{22DAE2D6-C959-4258-99D4-5318276F283A}.Release|Any CPU.ActiveCfg = Release|Any CPU
		{22DAE2D6-C959-4258-99D4-5318276F283A}.Release|Any CPU.Build.0 = Release|Any CPU
	EndGlobalSection
	GlobalSection(SolutionProperties) = preSolution
		HideSolutionNode = FALSE
	EndGlobalSection
	GlobalSection(ExtensibilityGlobals) = postSolution
		SolutionGuid = {34B8B525-4BBD-4556-A402-147B507D6FC7}
	EndGlobalSection
EndGlobal
